
Microsoft Visual Studio Solution File, Format Version 12.00
# Visual Studio Version 16
VisualStudioVersion = 16.0.30320.27
MinimumVisualStudioVersion = 10.0.40219.1
Project("{FAE04EC0-301F-11D3-BF4B-00C04F79EFBC}") = "My Shelf", "My Shelf\My Shelf.csproj", "{86D873FC-6EFC-4AA4-82E4-268217E5D4EE}"
EndProject
Global
	GlobalSection(SolutionConfigurationPlatforms) = preSolution
		Debug|Any CPU = Debug|Any CPU
		Release|Any CPU = Release|Any CPU
	EndGlobalSection
	GlobalSection(ProjectConfigurationPlatforms) = postSolution
		{86D873FC-6EFC-4AA4-82E4-268217E5D4EE}.Debug|Any CPU.ActiveCfg = Debug|Any CPU
		{86D873FC-6EFC-4AA4-82E4-268217E5D4EE}.Debug|Any CPU.Build.0 = Debug|Any CPU
		{86D873FC-6EFC-4AA4-82E4-268217E5D4EE}.Release|Any CPU.ActiveCfg = Release|Any CPU
		{86D873FC-6EFC-4AA4-82E4-268217E5D4EE}.Release|Any CPU.Build.0 = Release|Any CPU
	EndGlobalSection
	GlobalSection(SolutionProperties) = preSolution
		HideSolutionNode = FALSE
	EndGlobalSection
	GlobalSection(ExtensibilityGlobals) = postSolution
		SolutionGuid = {68CDFA49-DB26-4F50-A7D4-CA62FA79D65F}
	EndGlobalSection
EndGlobal
